
Microsoft Visual Studio Solution File, Format Version 12.00
# Visual Studio 15
VisualStudioVersion = 15.0.28307.421
MinimumVisualStudioVersion = 10.0.40219.1
Project("{FAE04EC0-301F-11D3-BF4B-00C04F79EFBC}") = "CSharp_CarWash", "CSharp_CarWash\CSharp_CarWash.csproj", "{33FB53A7-F46F-4C92-9026-948942AF6C12}"
EndProject
Global
	GlobalSection(SolutionConfigurationPlatforms) = preSolution
		Debug|Any CPU = Debug|Any CPU
		Release|Any CPU = Release|Any CPU
	EndGlobalSection
	GlobalSection(ProjectConfigurationPlatforms) = postSolution
		{33FB53A7-F46F-4C92-9026-948942AF6C12}.Debug|Any CPU.ActiveCfg = Debug|Any CPU
		{33FB53A7-F46F-4C92-9026-948942AF6C12}.Debug|Any CPU.Build.0 = Debug|Any CPU
		{33FB53A7-F46F-4C92-9026-948942AF6C12}.Release|Any CPU.ActiveCfg = Release|Any CPU
		{33FB53A7-F46F-4C92-9026-948942AF6C12}.Release|Any CPU.Build.0 = Release|Any CPU
	EndGlobalSection
	GlobalSection(SolutionProperties) = preSolution
		HideSolutionNode = FALSE
	EndGlobalSection
	GlobalSection(ExtensibilityGlobals) = postSolution
		SolutionGuid = {9C0086A0-0A47-4C09-93FB-63BC37C6F0E6}
	EndGlobalSection
EndGlobal
